// !$*UTF8*$!
{
	archiveVersion = 1;
	classes = {
	};
	objectVersion = 50;
	objects = {

/* Begin PBXBuildFile section */
		422D876125B22C1C004EFE40 /* AppDelegate.swift in Sources */ = {isa = PBXBuildFile; fileRef = 422D876025B22C1C004EFE40 /* AppDelegate.swift */; };
		422D876325B22C1C004EFE40 /* SceneDelegate.swift in Sources */ = {isa = PBXBuildFile; fileRef = 422D876225B22C1C004EFE40 /* SceneDelegate.swift */; };
		422D876525B22C1C004EFE40 /* ViewController.swift in Sources */ = {isa = PBXBuildFile; fileRef = 422D876425B22C1C004EFE40 /* ViewController.swift */; };
		422D876825B22C1C004EFE40 /* Main.storyboard in Resources */ = {isa = PBXBuildFile; fileRef = 422D876625B22C1C004EFE40 /* Main.storyboard */; };
		422D876B25B22C1C004EFE40 /* ArtBookProject.xcdatamodeld in Sources */ = {isa = PBXBuildFile; fileRef = 422D876925B22C1C004EFE40 /* ArtBookProject.xcdatamodeld */; };
		422D876D25B22C1D004EFE40 /* Assets.xcassets in Resources */ = {isa = PBXBuildFile; fileRef = 422D876C25B22C1D004EFE40 /* Assets.xcassets */; };
		422D877025B22C1D004EFE40 /* LaunchScreen.storyboard in Resources */ = {isa = PBXBuildFile; fileRef = 422D876E25B22C1D004EFE40 /* LaunchScreen.storyboard */; };
		422D877B25B22C1D004EFE40 /* ArtBookProjectTests.swift in Sources */ = {isa = PBXBuildFile; fileRef = 422D877A25B22C1D004EFE40 /* ArtBookProjectTests.swift */; };
		422D878625B22C1D004EFE40 /* ArtBookProjectUITests.swift in Sources */ = {isa = PBXBuildFile; fileRef = 422D878525B22C1D004EFE40 /* ArtBookProjectUITests.swift */; };
		422D879725B38972004EFE40 /* DetailViewController.swift in Sources */ = {isa = PBXBuildFile; fileRef = 422D879625B38972004EFE40 /* DetailViewController.swift */; };
/* End PBXBuildFile section */

/* Begin PBXContainerItemProxy section */
		422D877725B22C1D004EFE40 /* PBXContainerItemProxy */ = {
			isa = PBXContainerItemProxy;
			containerPortal = 422D875525B22C1C004EFE40 /* Project object */;
			proxyType = 1;
			remoteGlobalIDString = 422D875C25B22C1C004EFE40;
			remoteInfo = ArtBookProject;
		};
		422D878225B22C1D004EFE40 /* PBXContainerItemProxy */ = {
			isa = PBXContainerItemProxy;
			containerPortal = 422D875525B22C1C004EFE40 /* Project object */;
			proxyType = 1;
			remoteGlobalIDString = 422D875C25B22C1C004EFE40;
			remoteInfo = ArtBookProject;
		};
/* End PBXContainerItemProxy section */

/* Begin PBXFileReference section */
		422D875D25B22C1C004EFE40 /* ArtBookProject.app */ = {isa = PBXFileReference; explicitFileType = wrapper.application; includeInIndex = 0; path = ArtBookProject.app; sourceTree = BUILT_PRODUCTS_DIR; };
		422D876025B22C1C004EFE40 /* AppDelegate.swift */ = {isa = PBXFileReference; lastKnownFileType = sourcecode.swift; path = AppDelegate.swift; sourceTree = "<group>"; };
		422D876225B22C1C004EFE40 /* SceneDelegate.swift */ = {isa = PBXFileReference; lastKnownFileType = sourcecode.swift; path = SceneDelegate.swift; sourceTree = "<group>"; };
		422D876425B22C1C004EFE40 /* ViewController.swift */ = {isa = PBXFileReference; lastKnownFileType = sourcecode.swift; path = ViewController.swift; sourceTree = "<group>"; };
		422D876725B22C1C004EFE40 /* Base */ = {isa = PBXFileReference; lastKnownFileType = file.storyboard; name = Base; path = Base.lproj/Main.storyboard; sourceTree = "<group>"; };
		422D876A25B22C1C004EFE40 /* ArtBookProject.xcdatamodel */ = {isa = PBXFileReference; lastKnownFileType = wrapper.xcdatamodel; path = ArtBookProject.xcdatamodel; sourceTree = "<group>"; };
		422D876C25B22C1D004EFE40 /* Assets.xcassets */ = {isa = PBXFileReference; lastKnownFileType = folder.assetcatalog; path = Assets.xcassets; sourceTree = "<group>"; };
		422D876F25B22C1D004EFE40 /* Base */ = {isa = PBXFileReference; lastKnownFileType = file.storyboard; name = Base; path = Base.lproj/LaunchScreen.storyboard; sourceTree = "<group>"; };
		422D877125B22C1D004EFE40 /* Info.plist */ = {isa = PBXFileReference; lastKnownFileType = text.plist.xml; path = Info.plist; sourceTree = "<group>"; };
		422D877625B22C1D004EFE40 /* ArtBookProjectTests.xctest */ = {isa = PBXFileReference; explicitFileType = wrapper.cfbundle; includeInIndex = 0; path = ArtBookProjectTests.xctest; sourceTree = BUILT_PRODUCTS_DIR; };
		422D877A25B22C1D004EFE40 /* ArtBookProjectTests.swift */ = {isa = PBXFileReference; lastKnownFileType = sourcecode.swift; path = ArtBookProjectTests.swift; sourceTree = "<group>"; };
		422D877C25B22C1D004EFE40 /* Info.plist */ = {isa = PBXFileReference; lastKnownFileType = text.plist.xml; path = Info.plist; sourceTree = "<group>"; };
		422D878125B22C1D004EFE40 /* ArtBookProjectUITests.xctest */ = {isa = PBXFileReference; explicitFileType = wrapper.cfbundle; includeInIndex = 0; path = ArtBookProjectUITests.xctest; sourceTree = BUILT_PRODUCTS_DIR; };
		422D878525B22C1D004EFE40 /* ArtBookProjectUITests.swift */ = {isa = PBXFileReference; lastKnownFileType = sourcecode.swift; path = ArtBookProjectUITests.swift; sourceTree = "<group>"; };
		422D878725B22C1D004EFE40 /* Info.plist */ = {isa = PBXFileReference; lastKnownFileType = text.plist.xml; path = Info.plist; sourceTree = "<group>"; };
		422D879625B38972004EFE40 /* DetailViewController.swift */ = {isa = PBXFileReference; lastKnownFileType = sourcecode.swift; path = DetailViewController.swift; sourceTree = "<group>"; };
/* End PBXFileReference section */

/* Begin PBXFrameworksBuildPhase section */
		422D875A25B22C1C004EFE40 /* Frameworks */ = {
			isa = PBXFrameworksBuildPhase;
			buildActionMask = 2147483647;
			files = (
			);
			runOnlyForDeploymentPostprocessing = 0;
		};
		422D877325B22C1D004EFE40 /* Frameworks */ = {
			isa = PBXFrameworksBuildPhase;
			buildActionMask = 2147483647;
			files = (
			);
			runOnlyForDeploymentPostprocessing = 0;
		};
		422D877E25B22C1D004EFE40 /* Frameworks */ = {
			isa = PBXFrameworksBuildPhase;
			buildActionMask = 2147483647;
			files = (
			);
			runOnlyForDeploymentPostprocessing = 0;
		};
/* End PBXFrameworksBuildPhase section */

/* Begin PBXGroup section */
		422D875425B22C1C004EFE40 = {
			isa = PBXGroup;
			children = (
				422D875F25B22C1C004EFE40 /* ArtBookProject */,
				422D877925B22C1D004EFE40 /* ArtBookProjectTests */,
				422D878425B22C1D004EFE40 /* ArtBookProjectUITests */,
				422D875E25B22C1C004EFE40 /* Products */,
			);
			sourceTree = "<group>";
		};
		422D875E25B22C1C004EFE40 /* Products */ = {
			isa = PBXGroup;
			children = (
				422D875D25B22C1C004EFE40 /* ArtBookProject.app */,
				422D877625B22C1D004EFE40 /* ArtBookProjectTests.xctest */,
				422D878125B22C1D004EFE40 /* ArtBookProjectUITests.xctest */,
			);
			name = Products;
			sourceTree = "<group>";
		};
		422D875F25B22C1C004EFE40 /* ArtBookProject */ = {
			isa = PBXGroup;
			children = (
				422D876025B22C1C004EFE40 /* AppDelegate.swift */,
				422D876225B22C1C004EFE40 /* SceneDelegate.swift */,
				422D876425B22C1C004EFE40 /* ViewController.swift */,
				422D876625B22C1C004EFE40 /* Main.storyboard */,
				422D876C25B22C1D004EFE40 /* Assets.xcassets */,
				422D876E25B22C1D004EFE40 /* LaunchScreen.storyboard */,
				422D877125B22C1D004EFE40 /* Info.plist */,
				422D876925B22C1C004EFE40 /* ArtBookProject.xcdatamodeld */,
				422D879625B38972004EFE40 /* DetailViewController.swift */,
			);
			path = ArtBookProject;
			sourceTree = "<group>";
		};
		422D877925B22C1D004EFE40 /* ArtBookProjectTests */ = {
			isa = PBXGroup;
			children = (
				422D877A25B22C1D004EFE40 /* ArtBookProjectTests.swift */,
				422D877C25B22C1D004EFE40 /* Info.plist */,
			);
			path = ArtBookProjectTests;
			sourceTree = "<group>";
		};
		422D878425B22C1D004EFE40 /* ArtBookProjectUITests */ = {
			isa = PBXGroup;
			children = (
				422D878525B22C1D004EFE40 /* ArtBookProjectUITests.swift */,
				422D878725B22C1D004EFE40 /* Info.plist */,
			);
			path = ArtBookProjectUITests;
			sourceTree = "<group>";
		};
/* End PBXGroup section */

/* Begin PBXNativeTarget section */
		422D875C25B22C1C004EFE40 /* ArtBookProject */ = {
			isa = PBXNativeTarget;
			buildConfigurationList = 422D878A25B22C1D004EFE40 /* Build configuration list for PBXNativeTarget "ArtBookProject" */;
			buildPhases = (
				422D875925B22C1C004EFE40 /* Sources */,
				422D875A25B22C1C004EFE40 /* Frameworks */,
				422D875B25B22C1C004EFE40 /* Resources */,
			);
			buildRules = (
			);
			dependencies = (
			);
			name = ArtBookProject;
			productName = ArtBookProject;
			productReference = 422D875D25B22C1C004EFE40 /* ArtBookProject.app */;
			productType = "com.apple.product-type.application";
		};
		422D877525B22C1D004EFE40 /* ArtBookProjectTests */ = {
			isa = PBXNativeTarget;
			buildConfigurationList = 422D878D25B22C1D004EFE40 /* Build configuration list for PBXNativeTarget "ArtBookProjectTests" */;
			buildPhases = (
				422D877225B22C1D004EFE40 /* Sources */,
				422D877325B22C1D004EFE40 /* Frameworks */,
				422D877425B22C1D004EFE40 /* Resources */,
			);
			buildRules = (
			);
			dependencies = (
				422D877825B22C1D004EFE40 /* PBXTargetDependency */,
			);
			name = ArtBookProjectTests;
			productName = ArtBookProjectTests;
			productReference = 422D877625B22C1D004EFE40 /* ArtBookProjectTests.xctest */;
			productType = "com.apple.product-type.bundle.unit-test";
		};
		422D878025B22C1D004EFE40 /* ArtBookProjectUITests */ = {
			isa = PBXNativeTarget;
			buildConfigurationList = 422D879025B22C1D004EFE40 /* Build configuration list for PBXNativeTarget "ArtBookProjectUITests" */;
			buildPhases = (
				422D877D25B22C1D004EFE40 /* Sources */,
				422D877E25B22C1D004EFE40 /* Frameworks */,
				422D877F25B22C1D004EFE40 /* Resources */,
			);
			buildRules = (
			);
			dependencies = (
				422D878325B22C1D004EFE40 /* PBXTargetDependency */,
			);
			name = ArtBookProjectUITests;
			productName = ArtBookProjectUITests;
			productReference = 422D878125B22C1D004EFE40 /* ArtBookProjectUITests.xctest */;
			productType = "com.apple.product-type.bundle.ui-testing";
		};
/* End PBXNativeTarget section */

/* Begin PBXProject section */
		422D875525B22C1C004EFE40 /* Project object */ = {
			isa = PBXProject;
			attributes = {
				LastSwiftUpdateCheck = 1230;
				LastUpgradeCheck = 1230;
				TargetAttributes = {
					422D875C25B22C1C004EFE40 = {
						CreatedOnToolsVersion = 12.3;
					};
					422D877525B22C1D004EFE40 = {
						CreatedOnToolsVersion = 12.3;
						TestTargetID = 422D875C25B22C1C004EFE40;
					};
					422D878025B22C1D004EFE40 = {
						CreatedOnToolsVersion = 12.3;
						TestTargetID = 422D875C25B22C1C004EFE40;
					};
				};
			};
			buildConfigurationList = 422D875825B22C1C004EFE40 /* Build configuration list for PBXProject "ArtBookProject" */;
			compatibilityVersion = "Xcode 9.3";
			developmentRegion = en;
			hasScannedForEncodings = 0;
			knownRegions = (
				en,
				Base,
			);
			mainGroup = 422D875425B22C1C004EFE40;
			productRefGroup = 422D875E25B22C1C004EFE40 /* Products */;
			projectDirPath = "";
			projectRoot = "";
			targets = (
				422D875C25B22C1C004EFE40 /* ArtBookProject */,
				422D877525B22C1D004EFE40 /* ArtBookProjectTests */,
				422D878025B22C1D004EFE40 /* ArtBookProjectUITests */,
			);
		};
/* End PBXProject section */

/* Begin PBXResourcesBuildPhase section */
		422D875B25B22C1C004EFE40 /* Resources */ = {
			isa = PBXResourcesBuildPhase;
			buildActionMask = 2147483647;
			files = (
				422D877025B22C1D004EFE40 /* LaunchScreen.storyboard in Resources */,
				422D876D25B22C1D004EFE40 /* Assets.xcassets in Resources */,
				422D876825B22C1C004EFE40 /* Main.storyboard in Resources */,
			);
			runOnlyForDeploymentPostprocessing = 0;
		};
		422D877425B22C1D004EFE40 /* Resources */ = {
			isa = PBXResourcesBuildPhase;
			buildActionMask = 2147483647;
			files = (
			);
			runOnlyForDeploymentPostprocessing = 0;
		};
		422D877F25B22C1D004EFE40 /* Resources */ = {
			isa = PBXResourcesBuildPhase;
			buildActionMask = 2147483647;
			files = (
			);
			runOnlyForDeploymentPostprocessing = 0;
		};
/* End PBXResourcesBuildPhase section */

/* Begin PBXSourcesBuildPhase section */
		422D875925B22C1C004EFE40 /* Sources */ = {
			isa = PBXSourcesBuildPhase;
			buildActionMask = 2147483647;
			files = (
				422D876B25B22C1C004EFE40 /* ArtBookProject.xcdatamodeld in Sources */,
				422D876525B22C1C004EFE40 /* ViewController.swift in Sources */,
				422D879725B38972004EFE40 /* DetailViewController.swift in Sources */,
				422D876125B22C1C004EFE40 /* AppDelegate.swift in Sources */,
				422D876325B22C1C004EFE40 /* SceneDelegate.swift in Sources */,
			);
			runOnlyForDeploymentPostprocessing = 0;
		};
		422D877225B22C1D004EFE40 /* Sources */ = {
			isa = PBXSourcesBuildPhase;
			buildActionMask = 2147483647;
			files = (
				422D877B25B22C1D004EFE40 /* ArtBookProjectTests.swift in Sources */,
			);
			runOnlyForDeploymentPostprocessing = 0;
		};
		422D877D25B22C1D004EFE40 /* Sources */ = {
			isa = PBXSourcesBuildPhase;
			buildActionMask = 2147483647;
			files = (
				422D878625B22C1D004EFE40 /* ArtBookProjectUITests.swift in Sources */,
			);
			runOnlyForDeploymentPostprocessing = 0;
		};
/* End PBXSourcesBuildPhase section */

/* Begin PBXTargetDependency section */
		422D877825B22C1D004EFE40 /* PBXTargetDependency */ = {
			isa = PBXTargetDependency;
			target = 422D875C25B22C1C004EFE40 /* ArtBookProject */;
			targetProxy = 422D877725B22C1D004EFE40 /* PBXContainerItemProxy */;
		};
		422D878325B22C1D004EFE40 /* PBXTargetDependency */ = {
			isa = PBXTargetDependency;
			target = 422D875C25B22C1C004EFE40 /* ArtBookProject */;
			targetProxy = 422D878225B22C1D004EFE40 /* PBXContainerItemProxy */;
		};
/* End PBXTargetDependency section */

/* Begin PBXVariantGroup section */
		422D876625B22C1C004EFE40 /* Main.storyboard */ = {
			isa = PBXVariantGroup;
			children = (
				422D876725B22C1C004EFE40 /* Base */,
			);
			name = Main.storyboard;
			sourceTree = "<group>";
		};
		422D876E25B22C1D004EFE40 /* LaunchScreen.storyboard */ = {
			isa = PBXVariantGroup;
			children = (
				422D876F25B22C1D004EFE40 /* Base */,
			);
			name = LaunchScreen.storyboard;
			sourceTree = "<group>";
		};
/* End PBXVariantGroup section */

/* Begin XCBuildConfiguration section */
		422D878825B22C1D004EFE40 /* Debug */ = {
			isa = XCBuildConfiguration;
			buildSettings = {
				ALWAYS_SEARCH_USER_PATHS = NO;
				CLANG_ANALYZER_NONNULL = YES;
				CLANG_ANALYZER_NUMBER_OBJECT_CONVERSION = YES_AGGRESSIVE;
				CLANG_CXX_LANGUAGE_STANDARD = "gnu++14";
				CLANG_CXX_LIBRARY = "libc++";
				CLANG_ENABLE_MODULES = YES;
				CLANG_ENABLE_OBJC_ARC = YES;
				CLANG_ENABLE_OBJC_WEAK = YES;
				CLANG_WARN_BLOCK_CAPTURE_AUTORELEASING = YES;
				CLANG_WARN_BOOL_CONVERSION = YES;
				CLANG_WARN_COMMA = YES;
				CLANG_WARN_CONSTANT_CONVERSION = YES;
				CLANG_WARN_DEPRECATED_OBJC_IMPLEMENTATIONS = YES;
				CLANG_WARN_DIRECT_OBJC_ISA_USAGE = YES_ERROR;
				CLANG_WARN_DOCUMENTATION_COMMENTS = YES;
				CLANG_WARN_EMPTY_BODY = YES;
				CLANG_WARN_ENUM_CONVERSION = YES;
				CLANG_WARN_INFINITE_RECURSION = YES;
				CLANG_WARN_INT_CONVERSION = YES;
				CLANG_WARN_NON_LITERAL_NULL_CONVERSION = YES;
				CLANG_WARN_OBJC_IMPLICIT_RETAIN_SELF = YES;
				CLANG_WARN_OBJC_LITERAL_CONVERSION = YES;
				CLANG_WARN_OBJC_ROOT_CLASS = YES_ERROR;
				CLANG_WARN_QUOTED_INCLUDE_IN_FRAMEWORK_HEADER = YES;
				CLANG_WARN_RANGE_LOOP_ANALYSIS = YES;
				CLANG_WARN_STRICT_PROTOTYPES = YES;
				CLANG_WARN_SUSPICIOUS_MOVE = YES;
				CLANG_WARN_UNGUARDED_AVAILABILITY = YES_AGGRESSIVE;
				CLANG_WARN_UNREACHABLE_CODE = YES;
				CLANG_WARN__DUPLICATE_METHOD_MATCH = YES;
				COPY_PHASE_STRIP = NO;
				DEBUG_INFORMATION_FORMAT = dwarf;
				ENABLE_STRICT_OBJC_MSGSEND = YES;
				ENABLE_TESTABILITY = YES;
				GCC_C_LANGUAGE_STANDARD = gnu11;
				GCC_DYNAMIC_NO_PIC = NO;
				GCC_NO_COMMON_BLOCKS = YES;
				GCC_OPTIMIZATION_LEVEL = 0;
				GCC_PREPROCESSOR_DEFINITIONS = (
					"DEBUG=1",
					"$(inherited)",
				);
				GCC_WARN_64_TO_32_BIT_CONVERSION = YES;
				GCC_WARN_ABOUT_RETURN_TYPE = YES_ERROR;
				GCC_WARN_UNDECLARED_SELECTOR = YES;
				GCC_WARN_UNINITIALIZED_AUTOS = YES_AGGRESSIVE;
				GCC_WARN_UNUSED_FUNCTION = YES;
				GCC_WARN_UNUSED_VARIABLE = YES;
				IPHONEOS_DEPLOYMENT_TARGET = 14.3;
				MTL_ENABLE_DEBUG_INFO = INCLUDE_SOURCE;
				MTL_FAST_MATH = YES;
				ONLY_ACTIVE_ARCH = YES;
				SDKROOT = iphoneos;
				SWIFT_ACTIVE_COMPILATION_CONDITIONS = DEBUG;
				SWIFT_OPTIMIZATION_LEVEL = "-Onone";
			};
			name = Debug;
		};
		422D878925B22C1D004EFE40 /* Release */ = {
			isa = XCBuildConfiguration;
			buildSettings = {
				ALWAYS_SEARCH_USER_PATHS = NO;
				CLANG_ANALYZER_NONNULL = YES;
				CLANG_ANALYZER_NUMBER_OBJECT_CONVERSION = YES_AGGRESSIVE;
				CLANG_CXX_LANGUAGE_STANDARD = "gnu++14";
				CLANG_CXX_LIBRARY = "libc++";
				CLANG_ENABLE_MODULES = YES;
				CLANG_ENABLE_OBJC_ARC = YES;
				CLANG_ENABLE_OBJC_WEAK = YES;
				CLANG_WARN_BLOCK_CAPTURE_AUTORELEASING = YES;
				CLANG_WARN_BOOL_CONVERSION = YES;
				CLANG_WARN_COMMA = YES;
				CLANG_WARN_CONSTANT_CONVERSION = YES;
				CLANG_WARN_DEPRECATED_OBJC_IMPLEMENTATIONS = YES;
				CLANG_WARN_DIRECT_OBJC_ISA_USAGE = YES_ERROR;
				CLANG_WARN_DOCUMENTATION_COMMENTS = YES;
				CLANG_WARN_EMPTY_BODY = YES;
				CLANG_WARN_ENUM_CONVERSION = YES;
				CLANG_WARN_INFINITE_RECURSION = YES;
				CLANG_WARN_INT_CONVERSION = YES;
				CLANG_WARN_NON_LITERAL_NULL_CONVERSION = YES;
				CLANG_WARN_OBJC_IMPLICIT_RETAIN_SELF = YES;
				CLANG_WARN_OBJC_LITERAL_CONVERSION = YES;
				CLANG_WARN_OBJC_ROOT_CLASS = YES_ERROR;
				CLANG_WARN_QUOTED_INCLUDE_IN_FRAMEWORK_HEADER = YES;
				CLANG_WARN_RANGE_LOOP_ANALYSIS = YES;
				CLANG_WARN_STRICT_PROTOTYPES = YES;
				CLANG_WARN_SUSPICIOUS_MOVE = YES;
				CLANG_WARN_UNGUARDED_AVAILABILITY = YES_AGGRESSIVE;
				CLANG_WARN_UNREACHABLE_CODE = YES;
				CLANG_WARN__DUPLICATE_METHOD_MATCH = YES;
				COPY_PHASE_STRIP = NO;
				DEBUG_INFORMATION_FORMAT = "dwarf-with-dsym";
				ENABLE_NS_ASSERTIONS = NO;
				ENABLE_STRICT_OBJC_MSGSEND = YES;
				GCC_C_LANGUAGE_STANDARD = gnu11;
				GCC_NO_COMMON_BLOCKS = YES;
				GCC_WARN_64_TO_32_BIT_CONVERSION = YES;
				GCC_WARN_ABOUT_RETURN_TYPE = YES_ERROR;
				GCC_WARN_UNDECLARED_SELECTOR = YES;
				GCC_WARN_UNINITIALIZED_AUTOS = YES_AGGRESSIVE;
				GCC_WARN_UNUSED_FUNCTION = YES;
				GCC_WARN_UNUSED_VARIABLE = YES;
				IPHONEOS_DEPLOYMENT_TARGET = 14.3;
				MTL_ENABLE_DEBUG_INFO = NO;
				MTL_FAST_MATH = YES;
				SDKROOT = iphoneos;
				SWIFT_COMPILATION_MODE = wholemodule;
				SWIFT_OPTIMIZATION_LEVEL = "-O";
				VALIDATE_PRODUCT = YES;
			};
			name = Release;
		};
		422D878B25B22C1D004EFE40 /* Debug */ = {
			isa = XCBuildConfiguration;
			buildSettings = {
				ASSETCATALOG_COMPILER_APPICON_NAME = AppIcon;
				ASSETCATALOG_COMPILER_GLOBAL_ACCENT_COLOR_NAME = AccentColor;
				CODE_SIGN_STYLE = Automatic;
				DEVELOPMENT_TEAM = A4GXF9QSRB;
				INFOPLIST_FILE = ArtBookProject/Info.plist;
				LD_RUNPATH_SEARCH_PATHS = (
					"$(inherited)",
					"@executable_path/Frameworks",
				);
				PRODUCT_BUNDLE_IDENTIFIER = aoguz.ArtBookProject;
				PRODUCT_NAME = "$(TARGET_NAME)";
				SWIFT_VERSION = 5.0;
				TARGETED_DEVICE_FAMILY = "1,2";
			};
			name = Debug;
		};
		422D878C25B22C1D004EFE40 /* Release */ = {
			isa = XCBuildConfiguration;
			buildSettings = {
				ASSETCATALOG_COMPILER_APPICON_NAME = AppIcon;
				ASSETCATALOG_COMPILER_GLOBAL_ACCENT_COLOR_NAME = AccentColor;
				CODE_SIGN_STYLE = Automatic;
				DEVELOPMENT_TEAM = A4GXF9QSRB;
				INFOPLIST_FILE = ArtBookProject/Info.plist;
				LD_RUNPATH_SEARCH_PATHS = (
					"$(inherited)",
					"@executable_path/Frameworks",
				);
				PRODUCT_BUNDLE_IDENTIFIER = aoguz.ArtBookProject;
				PRODUCT_NAME = "$(TARGET_NAME)";
				SWIFT_VERSION = 5.0;
				TARGETED_DEVICE_FAMILY = "1,2";
			};
			name = Release;
		};
		422D878E25B22C1D004EFE40 /* Debug */ = {
			isa = XCBuildConfiguration;
			buildSettings = {
				ALWAYS_EMBED_SWIFT_STANDARD_LIBRARIES = YES;
				BUNDLE_LOADER = "$(TEST_HOST)";
				CODE_SIGN_STYLE = Automatic;
				DEVELOPMENT_TEAM = A4GXF9QSRB;
				INFOPLIST_FILE = ArtBookProjectTests/Info.plist;
				IPHONEOS_DEPLOYMENT_TARGET = 14.3;
				LD_RUNPATH_SEARCH_PATHS = (
					"$(inherited)",
					"@executable_path/Frameworks",
					"@loader_path/Frameworks",
				);
				PRODUCT_BUNDLE_IDENTIFIER = aoguz.ArtBookProjectTests;
				PRODUCT_NAME = "$(TARGET_NAME)";
				SWIFT_VERSION = 5.0;
				TARGETED_DEVICE_FAMILY = "1,2";
				TEST_HOST = "$(BUILT_PRODUCTS_DIR)/ArtBookProject.app/ArtBookProject";
			};
			name = Debug;
		};
		422D878F25B22C1D004EFE40 /* Release */ = {
			isa = XCBuildConfiguration;
			buildSettings = {
				ALWAYS_EMBED_SWIFT_STANDARD_LIBRARIES = YES;
				BUNDLE_LOADER = "$(TEST_HOST)";
				CODE_SIGN_STYLE = Automatic;
				DEVELOPMENT_TEAM = A4GXF9QSRB;
				INFOPLIST_FILE = ArtBookProjectTests/Info.plist;
				IPHONEOS_DEPLOYMENT_TARGET = 14.3;
				LD_RUNPATH_SEARCH_PATHS = (
					"$(inherited)",
					"@executable_path/Frameworks",
					"@loader_path/Frameworks",
				);
				PRODUCT_BUNDLE_IDENTIFIER = aoguz.ArtBookProjectTests;
				PRODUCT_NAME = "$(TARGET_NAME)";
				SWIFT_VERSION = 5.0;
				TARGETED_DEVICE_FAMILY = "1,2";
				TEST_HOST = "$(BUILT_PRODUCTS_DIR)/ArtBookProject.app/ArtBookProject";
			};
			name = Release;
		};
		422D879125B22C1D004EFE40 /* Debug */ = {
			isa = XCBuildConfiguration;
			buildSettings = {
				ALWAYS_EMBED_SWIFT_STANDARD_LIBRARIES = YES;
				CODE_SIGN_STYLE = Automatic;
				DEVELOPMENT_TEAM = A4GXF9QSRB;
				INFOPLIST_FILE = ArtBookProjectUITests/Info.plist;
				LD_RUNPATH_SEARCH_PATHS = (
					"$(inherited)",
					"@executable_path/Frameworks",
					"@loader_path/Frameworks",
				);
				PRODUCT_BUNDLE_IDENTIFIER = aoguz.ArtBookProjectUITests;
				PRODUCT_NAME = "$(TARGET_NAME)";
				SWIFT_VERSION = 5.0;
				TARGETED_DEVICE_FAMILY = "1,2";
				TEST_TARGET_NAME = ArtBookProject;
			};
			name = Debug;
		};
		422D879225B22C1D004EFE40 /* Release */ = {
			isa = XCBuildConfiguration;
			buildSettings = {
				ALWAYS_EMBED_SWIFT_STANDARD_LIBRARIES = YES;
				CODE_SIGN_STYLE = Automatic;
				DEVELOPMENT_TEAM = A4GXF9QSRB;
				INFOPLIST_FILE = ArtBookProjectUITests/Info.plist;
				LD_RUNPATH_SEARCH_PATHS = (
					"$(inherited)",
					"@executable_path/Frameworks",
					"@loader_path/Frameworks",
				);
				PRODUCT_BUNDLE_IDENTIFIER = aoguz.ArtBookProjectUITests;
				PRODUCT_NAME = "$(TARGET_NAME)";
				SWIFT_VERSION = 5.0;
				TARGETED_DEVICE_FAMILY = "1,2";
				TEST_TARGET_NAME = ArtBookProject;
			};
			name = Release;
		};
/* End XCBuildConfiguration section */

/* Begin XCConfigurationList section */
		422D875825B22C1C004EFE40 /* Build configuration list for PBXProject "ArtBookProject" */ = {
			isa = XCConfigurationList;
			buildConfigurations = (
				422D878825B22C1D004EFE40 /* Debug */,
				422D878925B22C1D004EFE40 /* Release */,
			);
			defaultConfigurationIsVisible = 0;
			defaultConfigurationName = Release;
		};
		422D878A25B22C1D004EFE40 /* Build configuration list for PBXNativeTarget "ArtBookProject" */ = {
			isa = XCConfigurationList;
			buildConfigurations = (
				422D878B25B22C1D004EFE40 /* Debug */,
				422D878C25B22C1D004EFE40 /* Release */,
			);
			defaultConfigurationIsVisible = 0;
			defaultConfigurationName = Release;
		};
		422D878D25B22C1D004EFE40 /* Build configuration list for PBXNativeTarget "ArtBookProjectTests" */ = {
			isa = XCConfigurationList;
			buildConfigurations = (
				422D878E25B22C1D004EFE40 /* Debug */,
				422D878F25B22C1D004EFE40 /* Release */,
			);
			defaultConfigurationIsVisible = 0;
			defaultConfigurationName = Release;
		};
		422D879025B22C1D004EFE40 /* Build configuration list for PBXNativeTarget "ArtBookProjectUITests" */ = {
			isa = XCConfigurationList;
			buildConfigurations = (
				422D879125B22C1D004EFE40 /* Debug */,
				422D879225B22C1D004EFE40 /* Release */,
			);
			defaultConfigurationIsVisible = 0;
			defaultConfigurationName = Release;
		};
/* End XCConfigurationList section */

/* Begin XCVersionGroup section */
		422D876925B22C1C004EFE40 /* ArtBookProject.xcdatamodeld */ = {
			isa = XCVersionGroup;
			children = (
				422D876A25B22C1C004EFE40 /* ArtBookProject.xcdatamodel */,
			);
			currentVersion = 422D876A25B22C1C004EFE40 /* ArtBookProject.xcdatamodel */;
			path = ArtBookProject.xcdatamodeld;
			sourceTree = "<group>";
			versionGroupType = wrapper.xcdatamodel;
		};
/* End XCVersionGroup section */
	};
	rootObject = 422D875525B22C1C004EFE40 /* Project object */;
}
